// !$*UTF8*$!
{
	archiveVersion = 1;
	classes = {
	};
	objectVersion = 46;
	objects = {

/* Begin PBXBuildFile section */
		75D7831B1F098D65000FEC68 /* AppDelegate.swift in Sources */ = {isa = PBXBuildFile; fileRef = 75D7831A1F098D65000FEC68 /* AppDelegate.swift */; };
		75D7831D1F098D65000FEC68 /* ViewController.swift in Sources */ = {isa = PBXBuildFile; fileRef = 75D7831C1F098D65000FEC68 /* ViewController.swift */; };
		75D783201F098D65000FEC68 /* Main.storyboard in Resources */ = {isa = PBXBuildFile; fileRef = 75D7831E1F098D65000FEC68 /* Main.storyboard */; };
		75D783221F098D65000FEC68 /* Assets.xcassets in Resources */ = {isa = PBXBuildFile; fileRef = 75D783211F098D65000FEC68 /* Assets.xcassets */; };
		75D783251F098D65000FEC68 /* LaunchScreen.storyboard in Resources */ = {isa = PBXBuildFile; fileRef = 75D783231F098D65000FEC68 /* LaunchScreen.storyboard */; };
		75D783301F098D65000FEC68 /* Quadratic_FormulaTests.swift in Sources */ = {isa = PBXBuildFile; fileRef = 75D7832F1F098D65000FEC68 /* Quadratic_FormulaTests.swift */; };
		75D7833B1F098D65000FEC68 /* Quadratic_FormulaUITests.swift in Sources */ = {isa = PBXBuildFile; fileRef = 75D7833A1F098D65000FEC68 /* Quadratic_FormulaUITests.swift */; };
/* End PBXBuildFile section */

/* Begin PBXContainerItemProxy section */
		75D7832C1F098D65000FEC68 /* PBXContainerItemProxy */ = {
			isa = PBXContainerItemProxy;
			containerPortal = 75D7830F1F098D65000FEC68 /* Project object */;
			proxyType = 1;
			remoteGlobalIDString = 75D783161F098D65000FEC68;
			remoteInfo = "Quadratic Formula";
		};
		75D783371F098D65000FEC68 /* PBXContainerItemProxy */ = {
			isa = PBXContainerItemProxy;
			containerPortal = 75D7830F1F098D65000FEC68 /* Project object */;
			proxyType = 1;
			remoteGlobalIDString = 75D783161F098D65000FEC68;
			remoteInfo = "Quadratic Formula";
		};
/* End PBXContainerItemProxy section */

/* Begin PBXFileReference section */
		75D783171F098D65000FEC68 /* Quadratic Formula.app */ = {isa = PBXFileReference; explicitFileType = wrapper.application; includeInIndex = 0; path = "Quadratic Formula.app"; sourceTree = BUILT_PRODUCTS_DIR; };
		75D7831A1F098D65000FEC68 /* AppDelegate.swift */ = {isa = PBXFileReference; lastKnownFileType = sourcecode.swift; path = AppDelegate.swift; sourceTree = "<group>"; };
		75D7831C1F098D65000FEC68 /* ViewController.swift */ = {isa = PBXFileReference; lastKnownFileType = sourcecode.swift; path = ViewController.swift; sourceTree = "<group>"; };
		75D7831F1F098D65000FEC68 /* Base */ = {isa = PBXFileReference; lastKnownFileType = file.storyboard; name = Base; path = Base.lproj/Main.storyboard; sourceTree = "<group>"; };
		75D783211F098D65000FEC68 /* Assets.xcassets */ = {isa = PBXFileReference; lastKnownFileType = folder.assetcatalog; path = Assets.xcassets; sourceTree = "<group>"; };
		75D783241F098D65000FEC68 /* Base */ = {isa = PBXFileReference; lastKnownFileType = file.storyboard; name = Base; path = Base.lproj/LaunchScreen.storyboard; sourceTree = "<group>"; };
		75D783261F098D65000FEC68 /* Info.plist */ = {isa = PBXFileReference; lastKnownFileType = text.plist.xml; path = Info.plist; sourceTree = "<group>"; };
		75D7832B1F098D65000FEC68 /* Quadratic FormulaTests.xctest */ = {isa = PBXFileReference; explicitFileType = wrapper.cfbundle; includeInIndex = 0; path = "Quadratic FormulaTests.xctest"; sourceTree = BUILT_PRODUCTS_DIR; };
		75D7832F1F098D65000FEC68 /* Quadratic_FormulaTests.swift */ = {isa = PBXFileReference; lastKnownFileType = sourcecode.swift; path = Quadratic_FormulaTests.swift; sourceTree = "<group>"; };
		75D783311F098D65000FEC68 /* Info.plist */ = {isa = PBXFileReference; lastKnownFileType = text.plist.xml; path = Info.plist; sourceTree = "<group>"; };
		75D783361F098D65000FEC68 /* Quadratic FormulaUITests.xctest */ = {isa = PBXFileReference; explicitFileType = wrapper.cfbundle; includeInIndex = 0; path = "Quadratic FormulaUITests.xctest"; sourceTree = BUILT_PRODUCTS_DIR; };
		75D7833A1F098D65000FEC68 /* Quadratic_FormulaUITests.swift */ = {isa = PBXFileReference; lastKnownFileType = sourcecode.swift; path = Quadratic_FormulaUITests.swift; sourceTree = "<group>"; };
		75D7833C1F098D65000FEC68 /* Info.plist */ = {isa = PBXFileReference; lastKnownFileType = text.plist.xml; path = Info.plist; sourceTree = "<group>"; };
/* End PBXFileReference section */

/* Begin PBXFrameworksBuildPhase section */
		75D783141F098D65000FEC68 /* Frameworks */ = {
			isa = PBXFrameworksBuildPhase;
			buildActionMask = 2147483647;
			files = (
			);
			runOnlyForDeploymentPostprocessing = 0;
		};
		75D783281F098D65000FEC68 /* Frameworks */ = {
			isa = PBXFrameworksBuildPhase;
			buildActionMask = 2147483647;
			files = (
			);
			runOnlyForDeploymentPostprocessing = 0;
		};
		75D783331F098D65000FEC68 /* Frameworks */ = {
			isa = PBXFrameworksBuildPhase;
			buildActionMask = 2147483647;
			files = (
			);
			runOnlyForDeploymentPostprocessing = 0;
		};
/* End PBXFrameworksBuildPhase section */

/* Begin PBXGroup section */
		75D7830E1F098D65000FEC68 = {
			isa = PBXGroup;
			children = (
				75D783191F098D65000FEC68 /* Quadratic Formula */,
				75D7832E1F098D65000FEC68 /* Quadratic FormulaTests */,
				75D783391F098D65000FEC68 /* Quadratic FormulaUITests */,
				75D783181F098D65000FEC68 /* Products */,
			);
			sourceTree = "<group>";
		};
		75D783181F098D65000FEC68 /* Products */ = {
			isa = PBXGroup;
			children = (
				75D783171F098D65000FEC68 /* Quadratic Formula.app */,
				75D7832B1F098D65000FEC68 /* Quadratic FormulaTests.xctest */,
				75D783361F098D65000FEC68 /* Quadratic FormulaUITests.xctest */,
			);
			name = Products;
			sourceTree = "<group>";
		};
		75D783191F098D65000FEC68 /* Quadratic Formula */ = {
			isa = PBXGroup;
			children = (
				75D7831A1F098D65000FEC68 /* AppDelegate.swift */,
				75D7831C1F098D65000FEC68 /* ViewController.swift */,
				75D7831E1F098D65000FEC68 /* Main.storyboard */,
				75D783211F098D65000FEC68 /* Assets.xcassets */,
				75D783231F098D65000FEC68 /* LaunchScreen.storyboard */,
				75D783261F098D65000FEC68 /* Info.plist */,
			);
			path = "Quadratic Formula";
			sourceTree = "<group>";
		};
		75D7832E1F098D65000FEC68 /* Quadratic FormulaTests */ = {
			isa = PBXGroup;
			children = (
				75D7832F1F098D65000FEC68 /* Quadratic_FormulaTests.swift */,
				75D783311F098D65000FEC68 /* Info.plist */,
			);
			path = "Quadratic FormulaTests";
			sourceTree = "<group>";
		};
		75D783391F098D65000FEC68 /* Quadratic FormulaUITests */ = {
			isa = PBXGroup;
			children = (
				75D7833A1F098D65000FEC68 /* Quadratic_FormulaUITests.swift */,
				75D7833C1F098D65000FEC68 /* Info.plist */,
			);
			path = "Quadratic FormulaUITests";
			sourceTree = "<group>";
		};
/* End PBXGroup section */

/* Begin PBXNativeTarget section */
		75D783161F098D65000FEC68 /* Quadratic Formula */ = {
			isa = PBXNativeTarget;
			buildConfigurationList = 75D7833F1F098D65000FEC68 /* Build configuration list for PBXNativeTarget "Quadratic Formula" */;
			buildPhases = (
				75D783131F098D65000FEC68 /* Sources */,
				75D783141F098D65000FEC68 /* Frameworks */,
				75D783151F098D65000FEC68 /* Resources */,
			);
			buildRules = (
			);
			dependencies = (
			);
			name = "Quadratic Formula";
			productName = "Quadratic Formula";
			productReference = 75D783171F098D65000FEC68 /* Quadratic Formula.app */;
			productType = "com.apple.product-type.application";
		};
		75D7832A1F098D65000FEC68 /* Quadratic FormulaTests */ = {
			isa = PBXNativeTarget;
			buildConfigurationList = 75D783421F098D65000FEC68 /* Build configuration list for PBXNativeTarget "Quadratic FormulaTests" */;
			buildPhases = (
				75D783271F098D65000FEC68 /* Sources */,
				75D783281F098D65000FEC68 /* Frameworks */,
				75D783291F098D65000FEC68 /* Resources */,
			);
			buildRules = (
			);
			dependencies = (
				75D7832D1F098D65000FEC68 /* PBXTargetDependency */,
			);
			name = "Quadratic FormulaTests";
			productName = "Quadratic FormulaTests";
			productReference = 75D7832B1F098D65000FEC68 /* Quadratic FormulaTests.xctest */;
			productType = "com.apple.product-type.bundle.unit-test";
		};
		75D783351F098D65000FEC68 /* Quadratic FormulaUITests */ = {
			isa = PBXNativeTarget;
			buildConfigurationList = 75D783451F098D65000FEC68 /* Build configuration list for PBXNativeTarget "Quadratic FormulaUITests" */;
			buildPhases = (
				75D783321F098D65000FEC68 /* Sources */,
				75D783331F098D65000FEC68 /* Frameworks */,
				75D783341F098D65000FEC68 /* Resources */,
			);
			buildRules = (
			);
			dependencies = (
				75D783381F098D65000FEC68 /* PBXTargetDependency */,
			);
			name = "Quadratic FormulaUITests";
			productName = "Quadratic FormulaUITests";
			productReference = 75D783361F098D65000FEC68 /* Quadratic FormulaUITests.xctest */;
			productType = "com.apple.product-type.bundle.ui-testing";
		};
/* End PBXNativeTarget section */

/* Begin PBXProject section */
		75D7830F1F098D65000FEC68 /* Project object */ = {
			isa = PBXProject;
			attributes = {
				LastSwiftUpdateCheck = 0830;
				LastUpgradeCheck = 0830;
				ORGANIZATIONNAME = "Michael Doliszny";
				TargetAttributes = {
					75D783161F098D65000FEC68 = {
						CreatedOnToolsVersion = 8.3.3;
						ProvisioningStyle = Automatic;
					};
					75D7832A1F098D65000FEC68 = {
						CreatedOnToolsVersion = 8.3.3;
						ProvisioningStyle = Automatic;
						TestTargetID = 75D783161F098D65000FEC68;
					};
					75D783351F098D65000FEC68 = {
						CreatedOnToolsVersion = 8.3.3;
						ProvisioningStyle = Automatic;
						TestTargetID = 75D783161F098D65000FEC68;
					};
				};
			};
			buildConfigurationList = 75D783121F098D65000FEC68 /* Build configuration list for PBXProject "Quadratic Formula" */;
			compatibilityVersion = "Xcode 3.2";
			developmentRegion = English;
			hasScannedForEncodings = 0;
			knownRegions = (
				en,
				Base,
			);
			mainGroup = 75D7830E1F098D65000FEC68;
			productRefGroup = 75D783181F098D65000FEC68 /* Products */;
			projectDirPath = "";
			projectRoot = "";
			targets = (
				75D783161F098D65000FEC68 /* Quadratic Formula */,
				75D7832A1F098D65000FEC68 /* Quadratic FormulaTests */,
				75D783351F098D65000FEC68 /* Quadratic FormulaUITests */,
			);
		};
/* End PBXProject section */

/* Begin PBXResourcesBuildPhase section */
		75D783151F098D65000FEC68 /* Resources */ = {
			isa = PBXResourcesBuildPhase;
			buildActionMask = 2147483647;
			files = (
				75D783251F098D65000FEC68 /* LaunchScreen.storyboard in Resources */,
				75D783221F098D65000FEC68 /* Assets.xcassets in Resources */,
				75D783201F098D65000FEC68 /* Main.storyboard in Resources */,
			);
			runOnlyForDeploymentPostprocessing = 0;
		};
		75D783291F098D65000FEC68 /* Resources */ = {
			isa = PBXResourcesBuildPhase;
			buildActionMask = 2147483647;
			files = (
			);
			runOnlyForDeploymentPostprocessing = 0;
		};
		75D783341F098D65000FEC68 /* Resources */ = {
			isa = PBXResourcesBuildPhase;
			buildActionMask = 2147483647;
			files = (
			);
			runOnlyForDeploymentPostprocessing = 0;
		};
/* End PBXResourcesBuildPhase section */

/* Begin PBXSourcesBuildPhase section */
		75D783131F098D65000FEC68 /* Sources */ = {
			isa = PBXSourcesBuildPhase;
			buildActionMask = 2147483647;
			files = (
				75D7831D1F098D65000FEC68 /* ViewController.swift in Sources */,
				75D7831B1F098D65000FEC68 /* AppDelegate.swift in Sources */,
			);
			runOnlyForDeploymentPostprocessing = 0;
		};
		75D783271F098D65000FEC68 /* Sources */ = {
			isa = PBXSourcesBuildPhase;
			buildActionMask = 2147483647;
			files = (
				75D783301F098D65000FEC68 /* Quadratic_FormulaTests.swift in Sources */,
			);
			runOnlyForDeploymentPostprocessing = 0;
		};
		75D783321F098D65000FEC68 /* Sources */ = {
			isa = PBXSourcesBuildPhase;
			buildActionMask = 2147483647;
			files = (
				75D7833B1F098D65000FEC68 /* Quadratic_FormulaUITests.swift in Sources */,
			);
			runOnlyForDeploymentPostprocessing = 0;
		};
/* End PBXSourcesBuildPhase section */

/* Begin PBXTargetDependency section */
		75D7832D1F098D65000FEC68 /* PBXTargetDependency */ = {
			isa = PBXTargetDependency;
			target = 75D783161F098D65000FEC68 /* Quadratic Formula */;
			targetProxy = 75D7832C1F098D65000FEC68 /* PBXContainerItemProxy */;
		};
		75D783381F098D65000FEC68 /* PBXTargetDependency */ = {
			isa = PBXTargetDependency;
			target = 75D783161F098D65000FEC68 /* Quadratic Formula */;
			targetProxy = 75D783371F098D65000FEC68 /* PBXContainerItemProxy */;
		};
/* End PBXTargetDependency section */

/* Begin PBXVariantGroup section */
		75D7831E1F098D65000FEC68 /* Main.storyboard */ = {
			isa = PBXVariantGroup;
			children = (
				75D7831F1F098D65000FEC68 /* Base */,
			);
			name = Main.storyboard;
			sourceTree = "<group>";
		};
		75D783231F098D65000FEC68 /* LaunchScreen.storyboard */ = {
			isa = PBXVariantGroup;
			children = (
				75D783241F098D65000FEC68 /* Base */,
			);
			name = LaunchScreen.storyboard;
			sourceTree = "<group>";
		};
/* End PBXVariantGroup section */

/* Begin XCBuildConfiguration section */
		75D7833D1F098D65000FEC68 /* Debug */ = {
			isa = XCBuildConfiguration;
			buildSettings = {
				ALWAYS_SEARCH_USER_PATHS = NO;
				CLANG_ANALYZER_NONNULL = YES;
				CLANG_ANALYZER_NUMBER_OBJECT_CONVERSION = YES_AGGRESSIVE;
				CLANG_CXX_LANGUAGE_STANDARD = "gnu++0x";
				CLANG_CXX_LIBRARY = "libc++";
				CLANG_ENABLE_MODULES = YES;
				CLANG_ENABLE_OBJC_ARC = YES;
				CLANG_WARN_BOOL_CONVERSION = YES;
				CLANG_WARN_CONSTANT_CONVERSION = YES;
				CLANG_WARN_DIRECT_OBJC_ISA_USAGE = YES_ERROR;
				CLANG_WARN_DOCUMENTATION_COMMENTS = YES;
				CLANG_WARN_EMPTY_BODY = YES;
				CLANG_WARN_ENUM_CONVERSION = YES;
				CLANG_WARN_INFINITE_RECURSION = YES;
				CLANG_WARN_INT_CONVERSION = YES;
				CLANG_WARN_OBJC_ROOT_CLASS = YES_ERROR;
				CLANG_WARN_SUSPICIOUS_MOVE = YES;
				CLANG_WARN_UNREACHABLE_CODE = YES;
				CLANG_WARN__DUPLICATE_METHOD_MATCH = YES;
				"CODE_SIGN_IDENTITY[sdk=iphoneos*]" = "iPhone Developer";
				COPY_PHASE_STRIP = NO;
				DEBUG_INFORMATION_FORMAT = dwarf;
				ENABLE_STRICT_OBJC_MSGSEND = YES;
				ENABLE_TESTABILITY = YES;
				GCC_C_LANGUAGE_STANDARD = gnu99;
				GCC_DYNAMIC_NO_PIC = NO;
				GCC_NO_COMMON_BLOCKS = YES;
				GCC_OPTIMIZATION_LEVEL = 0;
				GCC_PREPROCESSOR_DEFINITIONS = (
					"DEBUG=1",
					"$(inherited)",
				);
				GCC_WARN_64_TO_32_BIT_CONVERSION = YES;
				GCC_WARN_ABOUT_RETURN_TYPE = YES_ERROR;
				GCC_WARN_UNDECLARED_SELECTOR = YES;
				GCC_WARN_UNINITIALIZED_AUTOS = YES_AGGRESSIVE;
				GCC_WARN_UNUSED_FUNCTION = YES;
				GCC_WARN_UNUSED_VARIABLE = YES;
				IPHONEOS_DEPLOYMENT_TARGET = 10.3;
				MTL_ENABLE_DEBUG_INFO = YES;
				ONLY_ACTIVE_ARCH = YES;
				SDKROOT = iphoneos;
				SWIFT_ACTIVE_COMPILATION_CONDITIONS = DEBUG;
				SWIFT_OPTIMIZATION_LEVEL = "-Onone";
			};
			name = Debug;
		};
		75D7833E1F098D65000FEC68 /* Release */ = {
			isa = XCBuildConfiguration;
			buildSettings = {
				ALWAYS_SEARCH_USER_PATHS = NO;
				CLANG_ANALYZER_NONNULL = YES;
				CLANG_ANALYZER_NUMBER_OBJECT_CONVERSION = YES_AGGRESSIVE;
				CLANG_CXX_LANGUAGE_STANDARD = "gnu++0x";
				CLANG_CXX_LIBRARY = "libc++";
				CLANG_ENABLE_MODULES = YES;
				CLANG_ENABLE_OBJC_ARC = YES;
				CLANG_WARN_BOOL_CONVERSION = YES;
				CLANG_WARN_CONSTANT_CONVERSION = YES;
				CLANG_WARN_DIRECT_OBJC_ISA_USAGE = YES_ERROR;
				CLANG_WARN_DOCUMENTATION_COMMENTS = YES;
				CLANG_WARN_EMPTY_BODY = YES;
				CLANG_WARN_ENUM_CONVERSION = YES;
				CLANG_WARN_INFINITE_RECURSION = YES;
				CLANG_WARN_INT_CONVERSION = YES;
				CLANG_WARN_OBJC_ROOT_CLASS = YES_ERROR;
				CLANG_WARN_SUSPICIOUS_MOVE = YES;
				CLANG_WARN_UNREACHABLE_CODE = YES;
				CLANG_WARN__DUPLICATE_METHOD_MATCH = YES;
				"CODE_SIGN_IDENTITY[sdk=iphoneos*]" = "iPhone Developer";
				COPY_PHASE_STRIP = NO;
				DEBUG_INFORMATION_FORMAT = "dwarf-with-dsym";
				ENABLE_NS_ASSERTIONS = NO;
				ENABLE_STRICT_OBJC_MSGSEND = YES;
				GCC_C_LANGUAGE_STANDARD = gnu99;
				GCC_NO_COMMON_BLOCKS = YES;
				GCC_WARN_64_TO_32_BIT_CONVERSION = YES;
				GCC_WARN_ABOUT_RETURN_TYPE = YES_ERROR;
				GCC_WARN_UNDECLARED_SELECTOR = YES;
				GCC_WARN_UNINITIALIZED_AUTOS = YES_AGGRESSIVE;
				GCC_WARN_UNUSED_FUNCTION = YES;
				GCC_WARN_UNUSED_VARIABLE = YES;
				IPHONEOS_DEPLOYMENT_TARGET = 10.3;
				MTL_ENABLE_DEBUG_INFO = NO;
				SDKROOT = iphoneos;
				SWIFT_OPTIMIZATION_LEVEL = "-Owholemodule";
				VALIDATE_PRODUCT = YES;
			};
			name = Release;
		};
		75D783401F098D65000FEC68 /* Debug */ = {
			isa = XCBuildConfiguration;
			buildSettings = {
				ASSETCATALOG_COMPILER_APPICON_NAME = AppIcon;
				INFOPLIST_FILE = "Quadratic Formula/Info.plist";
				LD_RUNPATH_SEARCH_PATHS = "$(inherited) @executable_path/Frameworks";
				PRODUCT_BUNDLE_IDENTIFIER = "Michael.Quadratic-Formula";
				PRODUCT_NAME = "$(TARGET_NAME)";
				SWIFT_VERSION = 3.0;
			};
			name = Debug;
		};
		75D783411F098D65000FEC68 /* Release */ = {
			isa = XCBuildConfiguration;
			buildSettings = {
				ASSETCATALOG_COMPILER_APPICON_NAME = AppIcon;
				INFOPLIST_FILE = "Quadratic Formula/Info.plist";
				LD_RUNPATH_SEARCH_PATHS = "$(inherited) @executable_path/Frameworks";
				PRODUCT_BUNDLE_IDENTIFIER = "Michael.Quadratic-Formula";
				PRODUCT_NAME = "$(TARGET_NAME)";
				SWIFT_VERSION = 3.0;
			};
			name = Release;
		};
		75D783431F098D65000FEC68 /* Debug */ = {
			isa = XCBuildConfiguration;
			buildSettings = {
				ALWAYS_EMBED_SWIFT_STANDARD_LIBRARIES = YES;
				BUNDLE_LOADER = "$(TEST_HOST)";
				INFOPLIST_FILE = "Quadratic FormulaTests/Info.plist";
				LD_RUNPATH_SEARCH_PATHS = "$(inherited) @executable_path/Frameworks @loader_path/Frameworks";
				PRODUCT_BUNDLE_IDENTIFIER = "Michael.Quadratic-FormulaTests";
				PRODUCT_NAME = "$(TARGET_NAME)";
				SWIFT_VERSION = 3.0;
				TEST_HOST = "$(BUILT_PRODUCTS_DIR)/Quadratic Formula.app/Quadratic Formula";
			};
			name = Debug;
		};
		75D783441F098D65000FEC68 /* Release */ = {
			isa = XCBuildConfiguration;
			buildSettings = {
				ALWAYS_EMBED_SWIFT_STANDARD_LIBRARIES = YES;
				BUNDLE_LOADER = "$(TEST_HOST)";
				INFOPLIST_FILE = "Quadratic FormulaTests/Info.plist";
				LD_RUNPATH_SEARCH_PATHS = "$(inherited) @executable_path/Frameworks @loader_path/Frameworks";
				PRODUCT_BUNDLE_IDENTIFIER = "Michael.Quadratic-FormulaTests";
				PRODUCT_NAME = "$(TARGET_NAME)";
				SWIFT_VERSION = 3.0;
				TEST_HOST = "$(BUILT_PRODUCTS_DIR)/Quadratic Formula.app/Quadratic Formula";
			};
			name = Release;
		};
		75D783461F098D65000FEC68 /* Debug */ = {
			isa = XCBuildConfiguration;
			buildSettings = {
				ALWAYS_EMBED_SWIFT_STANDARD_LIBRARIES = YES;
				INFOPLIST_FILE = "Quadratic FormulaUITests/Info.plist";
				LD_RUNPATH_SEARCH_PATHS = "$(inherited) @executable_path/Frameworks @loader_path/Frameworks";
				PRODUCT_BUNDLE_IDENTIFIER = "Michael.Quadratic-FormulaUITests";
				PRODUCT_NAME = "$(TARGET_NAME)";
				SWIFT_VERSION = 3.0;
				TEST_TARGET_NAME = "Quadratic Formula";
			};
			name = Debug;
		};
		75D783471F098D65000FEC68 /* Release */ = {
			isa = XCBuildConfiguration;
			buildSettings = {
				ALWAYS_EMBED_SWIFT_STANDARD_LIBRARIES = YES;
				INFOPLIST_FILE = "Quadratic FormulaUITests/Info.plist";
				LD_RUNPATH_SEARCH_PATHS = "$(inherited) @executable_path/Frameworks @loader_path/Frameworks";
				PRODUCT_BUNDLE_IDENTIFIER = "Michael.Quadratic-FormulaUITests";
				PRODUCT_NAME = "$(TARGET_NAME)";
				SWIFT_VERSION = 3.0;
				TEST_TARGET_NAME = "Quadratic Formula";
			};
			name = Release;
		};
/* End XCBuildConfiguration section */

/* Begin XCConfigurationList section */
		75D783121F098D65000FEC68 /* Build configuration list for PBXProject "Quadratic Formula" */ = {
			isa = XCConfigurationList;
			buildConfigurations = (
				75D7833D1F098D65000FEC68 /* Debug */,
				75D7833E1F098D65000FEC68 /* Release */,
			);
			defaultConfigurationIsVisible = 0;
			defaultConfigurationName = Release;
		};
		75D7833F1F098D65000FEC68 /* Build configuration list for PBXNativeTarget "Quadratic Formula" */ = {
			isa = XCConfigurationList;
			buildConfigurations = (
				75D783401F098D65000FEC68 /* Debug */,
				75D783411F098D65000FEC68 /* Release */,
			);
			defaultConfigurationIsVisible = 0;
		};
		75D783421F098D65000FEC68 /* Build configuration list for PBXNativeTarget "Quadratic FormulaTests" */ = {
			isa = XCConfigurationList;
			buildConfigurations = (
				75D783431F098D65000FEC68 /* Debug */,
				75D783441F098D65000FEC68 /* Release */,
			);
			defaultConfigurationIsVisible = 0;
		};
		75D783451F098D65000FEC68 /* Build configuration list for PBXNativeTarget "Quadratic FormulaUITests" */ = {
			isa = XCConfigurationList;
			buildConfigurations = (
				75D783461F098D65000FEC68 /* Debug */,
				75D783471F098D65000FEC68 /* Release */,
			);
			defaultConfigurationIsVisible = 0;
		};
/* End XCConfigurationList section */
	};
	rootObject = 75D7830F1F098D65000FEC68 /* Project object */;
}
